
Microsoft Visual Studio Solution File, Format Version 12.00
# Visual Studio Version 17
VisualStudioVersion = 17.5.33424.131
MinimumVisualStudioVersion = 10.0.40219.1
Project("{FAE04EC0-301F-11D3-BF4B-00C04F79EFBC}") = "PersonalFinancialManager", "PersonalFinancialManager.csproj", "{6AA48759-36A3-493F-A380-62B1E41A1D15}"
EndProject
Global
	GlobalSection(SolutionConfigurationPlatforms) = preSolution
		Debug|Any CPU = Debug|Any CPU
		Release|Any CPU = Release|Any CPU
	EndGlobalSection
	GlobalSection(ProjectConfigurationPlatforms) = postSolution
		{6AA48759-36A3-493F-A380-62B1E41A1D15}.Debug|Any CPU.ActiveCfg = Debug|Any CPU
		{6AA48759-36A3-493F-A380-62B1E41A1D15}.Debug|Any CPU.Build.0 = Debug|Any CPU
		{6AA48759-36A3-493F-A380-62B1E41A1D15}.Release|Any CPU.ActiveCfg = Release|Any CPU
		{6AA48759-36A3-493F-A380-62B1E41A1D15}.Release|Any CPU.Build.0 = Release|Any CPU
	EndGlobalSection
	GlobalSection(SolutionProperties) = preSolution
		HideSolutionNode = FALSE
	EndGlobalSection
	GlobalSection(ExtensibilityGlobals) = postSolution
		SolutionGuid = {15A7AAB1-39F6-4C82-84E7-8EF10DEA463B}
	EndGlobalSection
EndGlobal
